// !$*UTF8*$!
{
	archiveVersion = 1;
	classes = {
	};
	objectVersion = 55;
	objects = {

/* Begin PBXBuildFile section */
		E7123E97271DD95D00669D0E /* ScrumdingerApp.swift in Sources */ = {isa = PBXBuildFile; fileRef = E7123E96271DD95D00669D0E /* ScrumdingerApp.swift */; };
		E7123E99271DD95D00669D0E /* MeetingView.swift in Sources */ = {isa = PBXBuildFile; fileRef = E7123E98271DD95D00669D0E /* MeetingView.swift */; };
		E7123E9B271DD96100669D0E /* Assets.xcassets in Resources */ = {isa = PBXBuildFile; fileRef = E7123E9A271DD96100669D0E /* Assets.xcassets */; };
		E7123E9E271DD96100669D0E /* Preview Assets.xcassets in Resources */ = {isa = PBXBuildFile; fileRef = E7123E9D271DD96100669D0E /* Preview Assets.xcassets */; };
		E7123EA7271DE53E00669D0E /* DailyScrum.swift in Sources */ = {isa = PBXBuildFile; fileRef = E7123EA6271DE53E00669D0E /* DailyScrum.swift */; };
		E71A51A1272BF2E10088D8EE /* MeetingTimerView.swift in Sources */ = {isa = PBXBuildFile; fileRef = E71A51A0272BF2E10088D8EE /* MeetingTimerView.swift */; };
		E71B027A271F5C56001342BC /* Color+Codable.swift in Sources */ = {isa = PBXBuildFile; fileRef = E71B0279271F5C56001342BC /* Color+Codable.swift */; };
		E71B027C271F61A3001342BC /* ScrumsView.swift in Sources */ = {isa = PBXBuildFile; fileRef = E71B027B271F61A3001342BC /* ScrumsView.swift */; };
		E727314A272E948900126FBD /* SpeechRecognizer.swift in Sources */ = {isa = PBXBuildFile; fileRef = E7273149272E948900126FBD /* SpeechRecognizer.swift */; };
		E7273152272EA0F100126FBD /* HistoryView.swift in Sources */ = {isa = PBXBuildFile; fileRef = E7273151272EA0F100126FBD /* HistoryView.swift */; };
		E72F38B1272423990059CF76 /* EditView.swift in Sources */ = {isa = PBXBuildFile; fileRef = E72F38B0272423990059CF76 /* EditView.swift */; };
		E72F38B32724BB060059CF76 /* MeetingHeaderView.swift in Sources */ = {isa = PBXBuildFile; fileRef = E72F38B22724BB060059CF76 /* MeetingHeaderView.swift */; };
		E72F38B527257CB60059CF76 /* ScrumProgressViewStyle.swift in Sources */ = {isa = PBXBuildFile; fileRef = E72F38B427257CB60059CF76 /* ScrumProgressViewStyle.swift */; };
		E72F38B727257F730059CF76 /* ScrumTimer.swift in Sources */ = {isa = PBXBuildFile; fileRef = E72F38B627257F730059CF76 /* ScrumTimer.swift */; };
		E72F38B92726C92B0059CF76 /* MeetingFooterView.swift in Sources */ = {isa = PBXBuildFile; fileRef = E72F38B82726C92B0059CF76 /* MeetingFooterView.swift */; };
		E72F38BB2726D3EA0059CF76 /* AVPlayer+Ding.swift in Sources */ = {isa = PBXBuildFile; fileRef = E72F38BA2726D3EA0059CF76 /* AVPlayer+Ding.swift */; };
		E72F38C72726D8910059CF76 /* ding.wav in Resources */ = {isa = PBXBuildFile; fileRef = E72F38C62726D8910059CF76 /* ding.wav */; };
		E7B8C39A2729618F003907EE /* History.swift in Sources */ = {isa = PBXBuildFile; fileRef = E7B8C3992729618F003907EE /* History.swift */; };
		E7B8C39C27296D62003907EE /* ScrumData.swift in Sources */ = {isa = PBXBuildFile; fileRef = E7B8C39B27296D62003907EE /* ScrumData.swift */; };
		E7F9D875272219540053A2BA /* DetailView.swift in Sources */ = {isa = PBXBuildFile; fileRef = E7F9D874272219540053A2BA /* DetailView.swift */; };
		E7FD818A271E5AA90047D35A /* CardView.swift in Sources */ = {isa = PBXBuildFile; fileRef = E7FD8189271E5AA90047D35A /* CardView.swift */; };
/* End PBXBuildFile section */

/* Begin PBXFileReference section */
		E7123E93271DD95D00669D0E /* Scrumdinger.app */ = {isa = PBXFileReference; explicitFileType = wrapper.application; includeInIndex = 0; path = Scrumdinger.app; sourceTree = BUILT_PRODUCTS_DIR; };
		E7123E96271DD95D00669D0E /* ScrumdingerApp.swift */ = {isa = PBXFileReference; lastKnownFileType = sourcecode.swift; path = ScrumdingerApp.swift; sourceTree = "<group>"; };
		E7123E98271DD95D00669D0E /* MeetingView.swift */ = {isa = PBXFileReference; lastKnownFileType = sourcecode.swift; path = MeetingView.swift; sourceTree = "<group>"; };
		E7123E9A271DD96100669D0E /* Assets.xcassets */ = {isa = PBXFileReference; lastKnownFileType = folder.assetcatalog; path = Assets.xcassets; sourceTree = "<group>"; };
		E7123E9D271DD96100669D0E /* Preview Assets.xcassets */ = {isa = PBXFileReference; lastKnownFileType = folder.assetcatalog; path = "Preview Assets.xcassets"; sourceTree = "<group>"; };
		E7123EA6271DE53E00669D0E /* DailyScrum.swift */ = {isa = PBXFileReference; lastKnownFileType = sourcecode.swift; path = DailyScrum.swift; sourceTree = "<group>"; };
		E71A51A0272BF2E10088D8EE /* MeetingTimerView.swift */ = {isa = PBXFileReference; lastKnownFileType = sourcecode.swift; path = MeetingTimerView.swift; sourceTree = "<group>"; };
		E71B0279271F5C56001342BC /* Color+Codable.swift */ = {isa = PBXFileReference; fileEncoding = 4; lastKnownFileType = sourcecode.swift; path = "Color+Codable.swift"; sourceTree = "<group>"; };
		E71B027B271F61A3001342BC /* ScrumsView.swift */ = {isa = PBXFileReference; lastKnownFileType = sourcecode.swift; path = ScrumsView.swift; sourceTree = "<group>"; };
		E7273149272E948900126FBD /* SpeechRecognizer.swift */ = {isa = PBXFileReference; fileEncoding = 4; lastKnownFileType = sourcecode.swift; path = SpeechRecognizer.swift; sourceTree = "<group>"; };
		E727314D272E9C9700126FBD /* Info.plist */ = {isa = PBXFileReference; fileEncoding = 4; lastKnownFileType = text.plist.xml; path = Info.plist; sourceTree = "<group>"; };
		E7273151272EA0F100126FBD /* HistoryView.swift */ = {isa = PBXFileReference; lastKnownFileType = sourcecode.swift; path = HistoryView.swift; sourceTree = "<group>"; };
		E72F38B0272423990059CF76 /* EditView.swift */ = {isa = PBXFileReference; lastKnownFileType = sourcecode.swift; path = EditView.swift; sourceTree = "<group>"; };
		E72F38B22724BB060059CF76 /* MeetingHeaderView.swift */ = {isa = PBXFileReference; lastKnownFileType = sourcecode.swift; path = MeetingHeaderView.swift; sourceTree = "<group>"; };
		E72F38B427257CB60059CF76 /* ScrumProgressViewStyle.swift */ = {isa = PBXFileReference; lastKnownFileType = sourcecode.swift; path = ScrumProgressViewStyle.swift; sourceTree = "<group>"; };
		E72F38B627257F730059CF76 /* ScrumTimer.swift */ = {isa = PBXFileReference; lastKnownFileType = sourcecode.swift; path = ScrumTimer.swift; sourceTree = "<group>"; };
		E72F38B82726C92B0059CF76 /* MeetingFooterView.swift */ = {isa = PBXFileReference; lastKnownFileType = sourcecode.swift; path = MeetingFooterView.swift; sourceTree = "<group>"; };
		E72F38BA2726D3EA0059CF76 /* AVPlayer+Ding.swift */ = {isa = PBXFileReference; lastKnownFileType = sourcecode.swift; name = "AVPlayer+Ding.swift"; path = "Scrumdinger/Models/AVPlayer+Ding.swift"; sourceTree = SOURCE_ROOT; };
		E72F38C62726D8910059CF76 /* ding.wav */ = {isa = PBXFileReference; lastKnownFileType = audio.wav; path = ding.wav; sourceTree = "<group>"; };
		E7B8C3992729618F003907EE /* History.swift */ = {isa = PBXFileReference; lastKnownFileType = sourcecode.swift; path = History.swift; sourceTree = "<group>"; };
		E7B8C39B27296D62003907EE /* ScrumData.swift */ = {isa = PBXFileReference; lastKnownFileType = sourcecode.swift; path = ScrumData.swift; sourceTree = "<group>"; };
		E7F9D874272219540053A2BA /* DetailView.swift */ = {isa = PBXFileReference; lastKnownFileType = sourcecode.swift; path = DetailView.swift; sourceTree = "<group>"; };
		E7FD8189271E5AA90047D35A /* CardView.swift */ = {isa = PBXFileReference; lastKnownFileType = sourcecode.swift; name = CardView.swift; path = Scrumdinger/Views/CardView.swift; sourceTree = SOURCE_ROOT; };
/* End PBXFileReference section */

/* Begin PBXFrameworksBuildPhase section */
		E7123E90271DD95D00669D0E /* Frameworks */ = {
			isa = PBXFrameworksBuildPhase;
			buildActionMask = 2147483647;
			files = (
			);
			runOnlyForDeploymentPostprocessing = 0;
		};
/* End PBXFrameworksBuildPhase section */

/* Begin PBXGroup section */
		E7123E8A271DD95D00669D0E = {
			isa = PBXGroup;
			children = (
				E7123E95271DD95D00669D0E /* Scrumdinger */,
				E7123E94271DD95D00669D0E /* Products */,
			);
			sourceTree = "<group>";
		};
		E7123E94271DD95D00669D0E /* Products */ = {
			isa = PBXGroup;
			children = (
				E7123E93271DD95D00669D0E /* Scrumdinger.app */,
			);
			name = Products;
			sourceTree = "<group>";
		};
		E7123E95271DD95D00669D0E /* Scrumdinger */ = {
			isa = PBXGroup;
			children = (
				E7123EAA271DE5D500669D0E /* App */,
				E7123EA9271DE5BC00669D0E /* Views */,
				E7123EA8271DE59C00669D0E /* Models */,
				E7123E9C271DD96100669D0E /* Preview Content */,
			);
			path = Scrumdinger;
			sourceTree = "<group>";
		};
		E7123E9C271DD96100669D0E /* Preview Content */ = {
			isa = PBXGroup;
			children = (
				E7123E9D271DD96100669D0E /* Preview Assets.xcassets */,
			);
			path = "Preview Content";
			sourceTree = "<group>";
		};
		E7123EA8271DE59C00669D0E /* Models */ = {
			isa = PBXGroup;
			children = (
				E7273149272E948900126FBD /* SpeechRecognizer.swift */,
				E7B8C3992729618F003907EE /* History.swift */,
				E72F38BA2726D3EA0059CF76 /* AVPlayer+Ding.swift */,
				E71B0279271F5C56001342BC /* Color+Codable.swift */,
				E7123EA6271DE53E00669D0E /* DailyScrum.swift */,
				E7B8C39B27296D62003907EE /* ScrumData.swift */,
				E72F38B627257F730059CF76 /* ScrumTimer.swift */,
			);
			path = Models;
			sourceTree = "<group>";
		};
		E7123EA9271DE5BC00669D0E /* Views */ = {
			isa = PBXGroup;
			children = (
				E7FD8189271E5AA90047D35A /* CardView.swift */,
				E71B027B271F61A3001342BC /* ScrumsView.swift */,
				E7F9D874272219540053A2BA /* DetailView.swift */,
				E7123E98271DD95D00669D0E /* MeetingView.swift */,
				E71A51A0272BF2E10088D8EE /* MeetingTimerView.swift */,
				E7273151272EA0F100126FBD /* HistoryView.swift */,
				E72F38B22724BB060059CF76 /* MeetingHeaderView.swift */,
				E72F38B0272423990059CF76 /* EditView.swift */,
				E72F38B82726C92B0059CF76 /* MeetingFooterView.swift */,
			);
			path = Views;
			sourceTree = "<group>";
		};
		E7123EAA271DE5D500669D0E /* App */ = {
			isa = PBXGroup;
			children = (
				E7123E96271DD95D00669D0E /* ScrumdingerApp.swift */,
				E72F38B427257CB60059CF76 /* ScrumProgressViewStyle.swift */,
				E72F38C52726D8910059CF76 /* audios */,
				E7123E9A271DD96100669D0E /* Assets.xcassets */,
				E727314D272E9C9700126FBD /* Info.plist */,
			);
			path = App;
			sourceTree = "<group>";
		};
		E72F38C52726D8910059CF76 /* audios */ = {
			isa = PBXGroup;
			children = (
				E72F38C62726D8910059CF76 /* ding.wav */,
			);
			path = audios;
			sourceTree = "<group>";
		};
/* End PBXGroup section */

/* Begin PBXNativeTarget section */
		E7123E92271DD95D00669D0E /* Scrumdinger */ = {
			isa = PBXNativeTarget;
			buildConfigurationList = E7123EA1271DD96100669D0E /* Build configuration list for PBXNativeTarget "Scrumdinger" */;
			buildPhases = (
				E7123E8F271DD95D00669D0E /* Sources */,
				E7123E90271DD95D00669D0E /* Frameworks */,
				E7123E91271DD95D00669D0E /* Resources */,
			);
			buildRules = (
			);
			dependencies = (
			);
			name = Scrumdinger;
			productName = Scrumdinger;
			productReference = E7123E93271DD95D00669D0E /* Scrumdinger.app */;
			productType = "com.apple.product-type.application";
		};
/* End PBXNativeTarget section */

/* Begin PBXProject section */
		E7123E8B271DD95D00669D0E /* Project object */ = {
			isa = PBXProject;
			attributes = {
				BuildIndependentTargetsInParallel = 1;
				LastSwiftUpdateCheck = 1300;
				LastUpgradeCheck = 1300;
				TargetAttributes = {
					E7123E92271DD95D00669D0E = {
						CreatedOnToolsVersion = 13.0;
					};
				};
			};
			buildConfigurationList = E7123E8E271DD95D00669D0E /* Build configuration list for PBXProject "Scrumdinger" */;
			compatibilityVersion = "Xcode 13.0";
			developmentRegion = en;
			hasScannedForEncodings = 0;
			knownRegions = (
				en,
				Base,
			);
			mainGroup = E7123E8A271DD95D00669D0E;
			productRefGroup = E7123E94271DD95D00669D0E /* Products */;
			projectDirPath = "";
			projectRoot = "";
			targets = (
				E7123E92271DD95D00669D0E /* Scrumdinger */,
			);
		};
/* End PBXProject section */

/* Begin PBXResourcesBuildPhase section */
		E7123E91271DD95D00669D0E /* Resources */ = {
			isa = PBXResourcesBuildPhase;
			buildActionMask = 2147483647;
			files = (
				E72F38C72726D8910059CF76 /* ding.wav in Resources */,
				E7123E9E271DD96100669D0E /* Preview Assets.xcassets in Resources */,
				E7123E9B271DD96100669D0E /* Assets.xcassets in Resources */,
			);
			runOnlyForDeploymentPostprocessing = 0;
		};
/* End PBXResourcesBuildPhase section */

/* Begin PBXSourcesBuildPhase section */
		E7123E8F271DD95D00669D0E /* Sources */ = {
			isa = PBXSourcesBuildPhase;
			buildActionMask = 2147483647;
			files = (
				E7123E99271DD95D00669D0E /* MeetingView.swift in Sources */,
				E71B027C271F61A3001342BC /* ScrumsView.swift in Sources */,
				E7B8C39A2729618F003907EE /* History.swift in Sources */,
				E727314A272E948900126FBD /* SpeechRecognizer.swift in Sources */,
				E72F38B1272423990059CF76 /* EditView.swift in Sources */,
				E72F38BB2726D3EA0059CF76 /* AVPlayer+Ding.swift in Sources */,
				E7B8C39C27296D62003907EE /* ScrumData.swift in Sources */,
				E7273152272EA0F100126FBD /* HistoryView.swift in Sources */,
				E71A51A1272BF2E10088D8EE /* MeetingTimerView.swift in Sources */,
				E72F38B32724BB060059CF76 /* MeetingHeaderView.swift in Sources */,
				E7123EA7271DE53E00669D0E /* DailyScrum.swift in Sources */,
				E72F38B92726C92B0059CF76 /* MeetingFooterView.swift in Sources */,
				E7F9D875272219540053A2BA /* DetailView.swift in Sources */,
				E72F38B727257F730059CF76 /* ScrumTimer.swift in Sources */,
				E7FD818A271E5AA90047D35A /* CardView.swift in Sources */,
				E71B027A271F5C56001342BC /* Color+Codable.swift in Sources */,
				E72F38B527257CB60059CF76 /* ScrumProgressViewStyle.swift in Sources */,
				E7123E97271DD95D00669D0E /* ScrumdingerApp.swift in Sources */,
			);
			runOnlyForDeploymentPostprocessing = 0;
		};
/* End PBXSourcesBuildPhase section */

/* Begin XCBuildConfiguration section */
		E7123E9F271DD96100669D0E /* Debug */ = {
			isa = XCBuildConfiguration;
			buildSettings = {
				ALWAYS_SEARCH_USER_PATHS = NO;
				CLANG_ANALYZER_NONNULL = YES;
				CLANG_ANALYZER_NUMBER_OBJECT_CONVERSION = YES_AGGRESSIVE;
				CLANG_CXX_LANGUAGE_STANDARD = "gnu++17";
				CLANG_CXX_LIBRARY = "libc++";
				CLANG_ENABLE_MODULES = YES;
				CLANG_ENABLE_OBJC_ARC = YES;
				CLANG_ENABLE_OBJC_WEAK = YES;
				CLANG_WARN_BLOCK_CAPTURE_AUTORELEASING = YES;
				CLANG_WARN_BOOL_CONVERSION = YES;
				CLANG_WARN_COMMA = YES;
				CLANG_WARN_CONSTANT_CONVERSION = YES;
				CLANG_WARN_DEPRECATED_OBJC_IMPLEMENTATIONS = YES;
				CLANG_WARN_DIRECT_OBJC_ISA_USAGE = YES_ERROR;
				CLANG_WARN_DOCUMENTATION_COMMENTS = YES;
				CLANG_WARN_EMPTY_BODY = YES;
				CLANG_WARN_ENUM_CONVERSION = YES;
				CLANG_WARN_INFINITE_RECURSION = YES;
				CLANG_WARN_INT_CONVERSION = YES;
				CLANG_WARN_NON_LITERAL_NULL_CONVERSION = YES;
				CLANG_WARN_OBJC_IMPLICIT_RETAIN_SELF = YES;
				CLANG_WARN_OBJC_LITERAL_CONVERSION = YES;
				CLANG_WARN_OBJC_ROOT_CLASS = YES_ERROR;
				CLANG_WARN_QUOTED_INCLUDE_IN_FRAMEWORK_HEADER = YES;
				CLANG_WARN_RANGE_LOOP_ANALYSIS = YES;
				CLANG_WARN_STRICT_PROTOTYPES = YES;
				CLANG_WARN_SUSPICIOUS_MOVE = YES;
				CLANG_WARN_UNGUARDED_AVAILABILITY = YES_AGGRESSIVE;
				CLANG_WARN_UNREACHABLE_CODE = YES;
				CLANG_WARN__DUPLICATE_METHOD_MATCH = YES;
				COPY_PHASE_STRIP = NO;
				DEBUG_INFORMATION_FORMAT = dwarf;
				ENABLE_STRICT_OBJC_MSGSEND = YES;
				ENABLE_TESTABILITY = YES;
				GCC_C_LANGUAGE_STANDARD = gnu11;
				GCC_DYNAMIC_NO_PIC = NO;
				GCC_NO_COMMON_BLOCKS = YES;
				GCC_OPTIMIZATION_LEVEL = 0;
				GCC_PREPROCESSOR_DEFINITIONS = (
					"DEBUG=1",
					"$(inherited)",
				);
				GCC_WARN_64_TO_32_BIT_CONVERSION = YES;
				GCC_WARN_ABOUT_RETURN_TYPE = YES_ERROR;
				GCC_WARN_UNDECLARED_SELECTOR = YES;
				GCC_WARN_UNINITIALIZED_AUTOS = YES_AGGRESSIVE;
				GCC_WARN_UNUSED_FUNCTION = YES;
				GCC_WARN_UNUSED_VARIABLE = YES;
				IPHONEOS_DEPLOYMENT_TARGET = 15.0;
				MTL_ENABLE_DEBUG_INFO = INCLUDE_SOURCE;
				MTL_FAST_MATH = YES;
				ONLY_ACTIVE_ARCH = YES;
				SDKROOT = iphoneos;
				SWIFT_ACTIVE_COMPILATION_CONDITIONS = DEBUG;
				SWIFT_OPTIMIZATION_LEVEL = "-Onone";
			};
			name = Debug;
		};
		E7123EA0271DD96100669D0E /* Release */ = {
			isa = XCBuildConfiguration;
			buildSettings = {
				ALWAYS_SEARCH_USER_PATHS = NO;
				CLANG_ANALYZER_NONNULL = YES;
				CLANG_ANALYZER_NUMBER_OBJECT_CONVERSION = YES_AGGRESSIVE;
				CLANG_CXX_LANGUAGE_STANDARD = "gnu++17";
				CLANG_CXX_LIBRARY = "libc++";
				CLANG_ENABLE_MODULES = YES;
				CLANG_ENABLE_OBJC_ARC = YES;
				CLANG_ENABLE_OBJC_WEAK = YES;
				CLANG_WARN_BLOCK_CAPTURE_AUTORELEASING = YES;
				CLANG_WARN_BOOL_CONVERSION = YES;
				CLANG_WARN_COMMA = YES;
				CLANG_WARN_CONSTANT_CONVERSION = YES;
				CLANG_WARN_DEPRECATED_OBJC_IMPLEMENTATIONS = YES;
				CLANG_WARN_DIRECT_OBJC_ISA_USAGE = YES_ERROR;
				CLANG_WARN_DOCUMENTATION_COMMENTS = YES;
				CLANG_WARN_EMPTY_BODY = YES;
				CLANG_WARN_ENUM_CONVERSION = YES;
				CLANG_WARN_INFINITE_RECURSION = YES;
				CLANG_WARN_INT_CONVERSION = YES;
				CLANG_WARN_NON_LITERAL_NULL_CONVERSION = YES;
				CLANG_WARN_OBJC_IMPLICIT_RETAIN_SELF = YES;
				CLANG_WARN_OBJC_LITERAL_CONVERSION = YES;
				CLANG_WARN_OBJC_ROOT_CLASS = YES_ERROR;
				CLANG_WARN_QUOTED_INCLUDE_IN_FRAMEWORK_HEADER = YES;
				CLANG_WARN_RANGE_LOOP_ANALYSIS = YES;
				CLANG_WARN_STRICT_PROTOTYPES = YES;
				CLANG_WARN_SUSPICIOUS_MOVE = YES;
				CLANG_WARN_UNGUARDED_AVAILABILITY = YES_AGGRESSIVE;
				CLANG_WARN_UNREACHABLE_CODE = YES;
				CLANG_WARN__DUPLICATE_METHOD_MATCH = YES;
				COPY_PHASE_STRIP = NO;
				DEBUG_INFORMATION_FORMAT = "dwarf-with-dsym";
				ENABLE_NS_ASSERTIONS = NO;
				ENABLE_STRICT_OBJC_MSGSEND = YES;
				GCC_C_LANGUAGE_STANDARD = gnu11;
				GCC_NO_COMMON_BLOCKS = YES;
				GCC_WARN_64_TO_32_BIT_CONVERSION = YES;
				GCC_WARN_ABOUT_RETURN_TYPE = YES_ERROR;
				GCC_WARN_UNDECLARED_SELECTOR = YES;
				GCC_WARN_UNINITIALIZED_AUTOS = YES_AGGRESSIVE;
				GCC_WARN_UNUSED_FUNCTION = YES;
				GCC_WARN_UNUSED_VARIABLE = YES;
				IPHONEOS_DEPLOYMENT_TARGET = 15.0;
				MTL_ENABLE_DEBUG_INFO = NO;
				MTL_FAST_MATH = YES;
				SDKROOT = iphoneos;
				SWIFT_COMPILATION_MODE = wholemodule;
				SWIFT_OPTIMIZATION_LEVEL = "-O";
				VALIDATE_PRODUCT = YES;
			};
			name = Release;
		};
		E7123EA2271DD96100669D0E /* Debug */ = {
			isa = XCBuildConfiguration;
			buildSettings = {
				ASSETCATALOG_COMPILER_APPICON_NAME = AppIcon;
				ASSETCATALOG_COMPILER_GLOBAL_ACCENT_COLOR_NAME = AccentColor;
				CODE_SIGN_STYLE = Automatic;
				CURRENT_PROJECT_VERSION = 1;
				DEVELOPMENT_ASSET_PATHS = "\"Scrumdinger/Preview Content\"";
				DEVELOPMENT_TEAM = NVL8V53A55;
				ENABLE_PREVIEWS = YES;
				GENERATE_INFOPLIST_FILE = YES;
				"INFOPLIST_FILE[sdk=*]" = Scrumdinger/App/Info.plist;
				INFOPLIST_KEY_UIApplicationSceneManifest_Generation = NO;
				INFOPLIST_KEY_UIApplicationSupportsIndirectInputEvents = NO;
				INFOPLIST_KEY_UILaunchScreen_Generation = NO;
				INFOPLIST_OUTPUT_FORMAT = "same-as-input";
				IPHONEOS_DEPLOYMENT_TARGET = 14.0;
				LD_RUNPATH_SEARCH_PATHS = (
					"$(inherited)",
					"@executable_path/Frameworks",
				);
				MARKETING_VERSION = 1.0;
				PRODUCT_BUNDLE_IDENTIFIER = com.arthurnvs.Scrumdinger;
				PRODUCT_NAME = "$(TARGET_NAME)";
				SWIFT_EMIT_LOC_STRINGS = YES;
				SWIFT_VERSION = 5.0;
				TARGETED_DEVICE_FAMILY = "1,2";
			};
			name = Debug;
		};
		E7123EA3271DD96100669D0E /* Release */ = {
			isa = XCBuildConfiguration;
			buildSettings = {
				ASSETCATALOG_COMPILER_APPICON_NAME = AppIcon;
				ASSETCATALOG_COMPILER_GLOBAL_ACCENT_COLOR_NAME = AccentColor;
				CODE_SIGN_STYLE = Automatic;
				CURRENT_PROJECT_VERSION = 1;
				DEVELOPMENT_ASSET_PATHS = "\"Scrumdinger/Preview Content\"";
				DEVELOPMENT_TEAM = NVL8V53A55;
				ENABLE_PREVIEWS = YES;
				GENERATE_INFOPLIST_FILE = YES;
				"INFOPLIST_FILE[sdk=*]" = Scrumdinger/App/Info.plist;
				INFOPLIST_KEY_UIApplicationSceneManifest_Generation = NO;
				INFOPLIST_KEY_UIApplicationSupportsIndirectInputEvents = NO;
				INFOPLIST_KEY_UILaunchScreen_Generation = NO;
				INFOPLIST_OUTPUT_FORMAT = "same-as-input";
				IPHONEOS_DEPLOYMENT_TARGET = 14.0;
				LD_RUNPATH_SEARCH_PATHS = (
					"$(inherited)",
					"@executable_path/Frameworks",
				);
				MARKETING_VERSION = 1.0;
				PRODUCT_BUNDLE_IDENTIFIER = com.arthurnvs.Scrumdinger;
				PRODUCT_NAME = "$(TARGET_NAME)";
				SWIFT_EMIT_LOC_STRINGS = YES;
				SWIFT_VERSION = 5.0;
				TARGETED_DEVICE_FAMILY = "1,2";
			};
			name = Release;
		};
/* End XCBuildConfiguration section */

/* Begin XCConfigurationList section */
		E7123E8E271DD95D00669D0E /* Build configuration list for PBXProject "Scrumdinger" */ = {
			isa = XCConfigurationList;
			buildConfigurations = (
				E7123E9F271DD96100669D0E /* Debug */,
				E7123EA0271DD96100669D0E /* Release */,
			);
			defaultConfigurationIsVisible = 0;
			defaultConfigurationName = Release;
		};
		E7123EA1271DD96100669D0E /* Build configuration list for PBXNativeTarget "Scrumdinger" */ = {
			isa = XCConfigurationList;
			buildConfigurations = (
				E7123EA2271DD96100669D0E /* Debug */,
				E7123EA3271DD96100669D0E /* Release */,
			);
			defaultConfigurationIsVisible = 0;
			defaultConfigurationName = Release;
		};
/* End XCConfigurationList section */
	};
	rootObject = E7123E8B271DD95D00669D0E /* Project object */;
}
